
Microsoft Visual Studio Solution File, Format Version 12.00
# Visual Studio Version 17
VisualStudioVersion = 17.6.33829.357
MinimumVisualStudioVersion = 10.0.40219.1
Project("{FAE04EC0-301F-11D3-BF4B-00C04F79EFBC}") = "Domain", "Domain\Domain.csproj", "{8FE8337D-5CDF-4D4A-B349-D6EF9DD1B1E2}"
EndProject
Global
	GlobalSection(SolutionConfigurationPlatforms) = preSolution
		Debug|Any CPU = Debug|Any CPU
		Release|Any CPU = Release|Any CPU
	EndGlobalSection
	GlobalSection(ProjectConfigurationPlatforms) = postSolution
		{8FE8337D-5CDF-4D4A-B349-D6EF9DD1B1E2}.Debug|Any CPU.ActiveCfg = Debug|Any CPU
		{8FE8337D-5CDF-4D4A-B349-D6EF9DD1B1E2}.Debug|Any CPU.Build.0 = Debug|Any CPU
		{8FE8337D-5CDF-4D4A-B349-D6EF9DD1B1E2}.Release|Any CPU.ActiveCfg = Release|Any CPU
		{8FE8337D-5CDF-4D4A-B349-D6EF9DD1B1E2}.Release|Any CPU.Build.0 = Release|Any CPU
	EndGlobalSection
	GlobalSection(SolutionProperties) = preSolution
		HideSolutionNode = FALSE
	EndGlobalSection
	GlobalSection(ExtensibilityGlobals) = postSolution
		SolutionGuid = {EC6EB272-2AE4-4217-B4D6-6641F2E571C6}
	EndGlobalSection
EndGlobal
